
Microsoft Visual Studio Solution File, Format Version 12.00
# Visual Studio Version 17
VisualStudioVersion = 17.1.32414.318
MinimumVisualStudioVersion = 10.0.40219.1
Project("{FAE04EC0-301F-11D3-BF4B-00C04F79EFBC}") = "01. Unique Usernames", "01. Unique Usernames\01. Unique Usernames.csproj", "{3CD18E62-240F-42CA-B94B-B6F9824DF491}"
EndProject
Project("{FAE04EC0-301F-11D3-BF4B-00C04F79EFBC}") = "02. Sets of Elements", "02. Sets of Elements\02. Sets of Elements.csproj", "{344F5F29-4E0E-4D46-835E-60160847ABEC}"
EndProject
Project("{FAE04EC0-301F-11D3-BF4B-00C04F79EFBC}") = "03. Periodic Table", "03. Periodic Table\03. Periodic Table.csproj", "{CEE6949B-0C07-41A3-80CD-69439731CC4F}"
EndProject
Project("{FAE04EC0-301F-11D3-BF4B-00C04F79EFBC}") = "04. Even Times", "04. Even Times\04. Even Times.csproj", "{059EB768-FA89-44D8-826B-EF129F1B3713}"
EndProject
Global
	GlobalSection(SolutionConfigurationPlatforms) = preSolution
		Debug|Any CPU = Debug|Any CPU
		Release|Any CPU = Release|Any CPU
	EndGlobalSection
	GlobalSection(ProjectConfigurationPlatforms) = postSolution
		{3CD18E62-240F-42CA-B94B-B6F9824DF491}.Debug|Any CPU.ActiveCfg = Debug|Any CPU
		{3CD18E62-240F-42CA-B94B-B6F9824DF491}.Debug|Any CPU.Build.0 = Debug|Any CPU
		{3CD18E62-240F-42CA-B94B-B6F9824DF491}.Release|Any CPU.ActiveCfg = Release|Any CPU
		{3CD18E62-240F-42CA-B94B-B6F9824DF491}.Release|Any CPU.Build.0 = Release|Any CPU
		{344F5F29-4E0E-4D46-835E-60160847ABEC}.Debug|Any CPU.ActiveCfg = Debug|Any CPU
		{344F5F29-4E0E-4D46-835E-60160847ABEC}.Debug|Any CPU.Build.0 = Debug|Any CPU
		{344F5F29-4E0E-4D46-835E-60160847ABEC}.Release|Any CPU.ActiveCfg = Release|Any CPU
		{344F5F29-4E0E-4D46-835E-60160847ABEC}.Release|Any CPU.Build.0 = Release|Any CPU
		{CEE6949B-0C07-41A3-80CD-69439731CC4F}.Debug|Any CPU.ActiveCfg = Debug|Any CPU
		{CEE6949B-0C07-41A3-80CD-69439731CC4F}.Debug|Any CPU.Build.0 = Debug|Any CPU
		{CEE6949B-0C07-41A3-80CD-69439731CC4F}.Release|Any CPU.ActiveCfg = Release|Any CPU
		{CEE6949B-0C07-41A3-80CD-69439731CC4F}.Release|Any CPU.Build.0 = Release|Any CPU
		{059EB768-FA89-44D8-826B-EF129F1B3713}.Debug|Any CPU.ActiveCfg = Debug|Any CPU
		{059EB768-FA89-44D8-826B-EF129F1B3713}.Debug|Any CPU.Build.0 = Debug|Any CPU
		{059EB768-FA89-44D8-826B-EF129F1B3713}.Release|Any CPU.ActiveCfg = Release|Any CPU
		{059EB768-FA89-44D8-826B-EF129F1B3713}.Release|Any CPU.Build.0 = Release|Any CPU
	EndGlobalSection
	GlobalSection(SolutionProperties) = preSolution
		HideSolutionNode = FALSE
	EndGlobalSection
	GlobalSection(ExtensibilityGlobals) = postSolution
		SolutionGuid = {3D884BF4-F287-451D-BFED-4D59D0D47F12}
	EndGlobalSection
EndGlobal
